// !$*UTF8*$!
{
	archiveVersion = 1;
	classes = {
	};
	objectVersion = 56;
	objects = {

/* Begin PBXBuildFile section */
		43538A18294C738500F4715B /* AnimeTrackerApp.swift in Sources */ = {isa = PBXBuildFile; fileRef = 43538A17294C738500F4715B /* AnimeTrackerApp.swift */; };
		43538A1A294C738500F4715B /* ContentView.swift in Sources */ = {isa = PBXBuildFile; fileRef = 43538A19294C738500F4715B /* ContentView.swift */; };
		43538A1C294C738700F4715B /* Assets.xcassets in Resources */ = {isa = PBXBuildFile; fileRef = 43538A1B294C738700F4715B /* Assets.xcassets */; };
		43538A1F294C738700F4715B /* Preview Assets.xcassets in Resources */ = {isa = PBXBuildFile; fileRef = 43538A1E294C738700F4715B /* Preview Assets.xcassets */; };
		43538A27294C7C0F00F4715B /* MyAnimeListManager.swift in Sources */ = {isa = PBXBuildFile; fileRef = 43538A26294C7C0F00F4715B /* MyAnimeListManager.swift */; };
		43A8450B296C4FDF0037891C /* URL+Extension.swift in Sources */ = {isa = PBXBuildFile; fileRef = 43A8450A296C4FDF0037891C /* URL+Extension.swift */; };
		43A8450E296C54C50037891C /* BasicAnimeModel.swift in Sources */ = {isa = PBXBuildFile; fileRef = 43A8450D296C54C50037891C /* BasicAnimeModel.swift */; };
		43A84514296C78D10037891C /* ExplorerView.swift in Sources */ = {isa = PBXBuildFile; fileRef = 43A84513296C78D10037891C /* ExplorerView.swift */; };
/* End PBXBuildFile section */

/* Begin PBXFileReference section */
		43538A14294C738500F4715B /* AnimeTracker.app */ = {isa = PBXFileReference; explicitFileType = wrapper.application; includeInIndex = 0; path = AnimeTracker.app; sourceTree = BUILT_PRODUCTS_DIR; };
		43538A17294C738500F4715B /* AnimeTrackerApp.swift */ = {isa = PBXFileReference; lastKnownFileType = sourcecode.swift; path = AnimeTrackerApp.swift; sourceTree = "<group>"; };
		43538A19294C738500F4715B /* ContentView.swift */ = {isa = PBXFileReference; lastKnownFileType = sourcecode.swift; path = ContentView.swift; sourceTree = "<group>"; };
		43538A1B294C738700F4715B /* Assets.xcassets */ = {isa = PBXFileReference; lastKnownFileType = folder.assetcatalog; path = Assets.xcassets; sourceTree = "<group>"; };
		43538A1E294C738700F4715B /* Preview Assets.xcassets */ = {isa = PBXFileReference; lastKnownFileType = folder.assetcatalog; path = "Preview Assets.xcassets"; sourceTree = "<group>"; };
		43538A26294C7C0F00F4715B /* MyAnimeListManager.swift */ = {isa = PBXFileReference; lastKnownFileType = sourcecode.swift; path = MyAnimeListManager.swift; sourceTree = "<group>"; };
		43A8450A296C4FDF0037891C /* URL+Extension.swift */ = {isa = PBXFileReference; lastKnownFileType = sourcecode.swift; path = "URL+Extension.swift"; sourceTree = "<group>"; };
		43A8450D296C54C50037891C /* BasicAnimeModel.swift */ = {isa = PBXFileReference; lastKnownFileType = sourcecode.swift; path = BasicAnimeModel.swift; sourceTree = "<group>"; };
		43A84513296C78D10037891C /* ExplorerView.swift */ = {isa = PBXFileReference; lastKnownFileType = sourcecode.swift; path = ExplorerView.swift; sourceTree = "<group>"; };
/* End PBXFileReference section */

/* Begin PBXFrameworksBuildPhase section */
		43538A11294C738500F4715B /* Frameworks */ = {
			isa = PBXFrameworksBuildPhase;
			buildActionMask = 2147483647;
			files = (
			);
			runOnlyForDeploymentPostprocessing = 0;
		};
/* End PBXFrameworksBuildPhase section */

/* Begin PBXGroup section */
		43538A0B294C738500F4715B = {
			isa = PBXGroup;
			children = (
				43538A16294C738500F4715B /* AnimeTracker */,
				43538A15294C738500F4715B /* Products */,
			);
			sourceTree = "<group>";
		};
		43538A15294C738500F4715B /* Products */ = {
			isa = PBXGroup;
			children = (
				43538A14294C738500F4715B /* AnimeTracker.app */,
			);
			name = Products;
			sourceTree = "<group>";
		};
		43538A16294C738500F4715B /* AnimeTracker */ = {
			isa = PBXGroup;
			children = (
				43A84510296C78300037891C /* View */,
				43A8450C296C50100037891C /* Extensions */,
				43538A28294C7DDE00F4715B /* Model */,
				43538A25294C7BEF00F4715B /* Networking  */,
				43538A17294C738500F4715B /* AnimeTrackerApp.swift */,
				43538A19294C738500F4715B /* ContentView.swift */,
				43538A1B294C738700F4715B /* Assets.xcassets */,
				43538A1D294C738700F4715B /* Preview Content */,
			);
			path = AnimeTracker;
			sourceTree = "<group>";
		};
		43538A1D294C738700F4715B /* Preview Content */ = {
			isa = PBXGroup;
			children = (
				43538A1E294C738700F4715B /* Preview Assets.xcassets */,
			);
			path = "Preview Content";
			sourceTree = "<group>";
		};
		43538A25294C7BEF00F4715B /* Networking  */ = {
			isa = PBXGroup;
			children = (
				43538A26294C7C0F00F4715B /* MyAnimeListManager.swift */,
			);
			path = "Networking ";
			sourceTree = "<group>";
		};
		43538A28294C7DDE00F4715B /* Model */ = {
			isa = PBXGroup;
			children = (
				43A8450D296C54C50037891C /* BasicAnimeModel.swift */,
			);
			path = Model;
			sourceTree = "<group>";
		};
		43A8450C296C50100037891C /* Extensions */ = {
			isa = PBXGroup;
			children = (
				43A8450A296C4FDF0037891C /* URL+Extension.swift */,
			);
			path = Extensions;
			sourceTree = "<group>";
		};
		43A84510296C78300037891C /* View */ = {
			isa = PBXGroup;
			children = (
				43A84513296C78D10037891C /* ExplorerView.swift */,
			);
			path = View;
			sourceTree = "<group>";
		};
/* End PBXGroup section */

/* Begin PBXNativeTarget section */
		43538A13294C738500F4715B /* AnimeTracker */ = {
			isa = PBXNativeTarget;
			buildConfigurationList = 43538A22294C738700F4715B /* Build configuration list for PBXNativeTarget "AnimeTracker" */;
			buildPhases = (
				43538A10294C738500F4715B /* Sources */,
				43538A11294C738500F4715B /* Frameworks */,
				43538A12294C738500F4715B /* Resources */,
			);
			buildRules = (
			);
			dependencies = (
			);
			name = AnimeTracker;
			productName = AnimeTracker;
			productReference = 43538A14294C738500F4715B /* AnimeTracker.app */;
			productType = "com.apple.product-type.application";
		};
/* End PBXNativeTarget section */

/* Begin PBXProject section */
		43538A0C294C738500F4715B /* Project object */ = {
			isa = PBXProject;
			attributes = {
				BuildIndependentTargetsInParallel = 1;
				LastSwiftUpdateCheck = 1420;
				LastUpgradeCheck = 1420;
				TargetAttributes = {
					43538A13294C738500F4715B = {
						CreatedOnToolsVersion = 14.2;
					};
				};
			};
			buildConfigurationList = 43538A0F294C738500F4715B /* Build configuration list for PBXProject "AnimeTracker" */;
			compatibilityVersion = "Xcode 14.0";
			developmentRegion = en;
			hasScannedForEncodings = 0;
			knownRegions = (
				en,
				Base,
			);
			mainGroup = 43538A0B294C738500F4715B;
			productRefGroup = 43538A15294C738500F4715B /* Products */;
			projectDirPath = "";
			projectRoot = "";
			targets = (
				43538A13294C738500F4715B /* AnimeTracker */,
			);
		};
/* End PBXProject section */

/* Begin PBXResourcesBuildPhase section */
		43538A12294C738500F4715B /* Resources */ = {
			isa = PBXResourcesBuildPhase;
			buildActionMask = 2147483647;
			files = (
				43538A1F294C738700F4715B /* Preview Assets.xcassets in Resources */,
				43538A1C294C738700F4715B /* Assets.xcassets in Resources */,
			);
			runOnlyForDeploymentPostprocessing = 0;
		};
/* End PBXResourcesBuildPhase section */

/* Begin PBXSourcesBuildPhase section */
		43538A10294C738500F4715B /* Sources */ = {
			isa = PBXSourcesBuildPhase;
			buildActionMask = 2147483647;
			files = (
				43538A1A294C738500F4715B /* ContentView.swift in Sources */,
				43538A27294C7C0F00F4715B /* MyAnimeListManager.swift in Sources */,
				43A8450B296C4FDF0037891C /* URL+Extension.swift in Sources */,
				43A8450E296C54C50037891C /* BasicAnimeModel.swift in Sources */,
				43538A18294C738500F4715B /* AnimeTrackerApp.swift in Sources */,
				43A84514296C78D10037891C /* ExplorerView.swift in Sources */,
			);
			runOnlyForDeploymentPostprocessing = 0;
		};
/* End PBXSourcesBuildPhase section */

/* Begin XCBuildConfiguration section */
		43538A20294C738700F4715B /* Debug */ = {
			isa = XCBuildConfiguration;
			buildSettings = {
				ALWAYS_SEARCH_USER_PATHS = NO;
				CLANG_ANALYZER_NONNULL = YES;
				CLANG_ANALYZER_NUMBER_OBJECT_CONVERSION = YES_AGGRESSIVE;
				CLANG_CXX_LANGUAGE_STANDARD = "gnu++20";
				CLANG_ENABLE_MODULES = YES;
				CLANG_ENABLE_OBJC_ARC = YES;
				CLANG_ENABLE_OBJC_WEAK = YES;
				CLANG_WARN_BLOCK_CAPTURE_AUTORELEASING = YES;
				CLANG_WARN_BOOL_CONVERSION = YES;
				CLANG_WARN_COMMA = YES;
				CLANG_WARN_CONSTANT_CONVERSION = YES;
				CLANG_WARN_DEPRECATED_OBJC_IMPLEMENTATIONS = YES;
				CLANG_WARN_DIRECT_OBJC_ISA_USAGE = YES_ERROR;
				CLANG_WARN_DOCUMENTATION_COMMENTS = YES;
				CLANG_WARN_EMPTY_BODY = YES;
				CLANG_WARN_ENUM_CONVERSION = YES;
				CLANG_WARN_INFINITE_RECURSION = YES;
				CLANG_WARN_INT_CONVERSION = YES;
				CLANG_WARN_NON_LITERAL_NULL_CONVERSION = YES;
				CLANG_WARN_OBJC_IMPLICIT_RETAIN_SELF = YES;
				CLANG_WARN_OBJC_LITERAL_CONVERSION = YES;
				CLANG_WARN_OBJC_ROOT_CLASS = YES_ERROR;
				CLANG_WARN_QUOTED_INCLUDE_IN_FRAMEWORK_HEADER = YES;
				CLANG_WARN_RANGE_LOOP_ANALYSIS = YES;
				CLANG_WARN_STRICT_PROTOTYPES = YES;
				CLANG_WARN_SUSPICIOUS_MOVE = YES;
				CLANG_WARN_UNGUARDED_AVAILABILITY = YES_AGGRESSIVE;
				CLANG_WARN_UNREACHABLE_CODE = YES;
				CLANG_WARN__DUPLICATE_METHOD_MATCH = YES;
				COPY_PHASE_STRIP = NO;
				DEBUG_INFORMATION_FORMAT = dwarf;
				ENABLE_STRICT_OBJC_MSGSEND = YES;
				ENABLE_TESTABILITY = YES;
				GCC_C_LANGUAGE_STANDARD = gnu11;
				GCC_DYNAMIC_NO_PIC = NO;
				GCC_NO_COMMON_BLOCKS = YES;
				GCC_OPTIMIZATION_LEVEL = 0;
				GCC_PREPROCESSOR_DEFINITIONS = (
					"DEBUG=1",
					"$(inherited)",
				);
				GCC_WARN_64_TO_32_BIT_CONVERSION = YES;
				GCC_WARN_ABOUT_RETURN_TYPE = YES_ERROR;
				GCC_WARN_UNDECLARED_SELECTOR = YES;
				GCC_WARN_UNINITIALIZED_AUTOS = YES_AGGRESSIVE;
				GCC_WARN_UNUSED_FUNCTION = YES;
				GCC_WARN_UNUSED_VARIABLE = YES;
				IPHONEOS_DEPLOYMENT_TARGET = 16.2;
				MTL_ENABLE_DEBUG_INFO = INCLUDE_SOURCE;
				MTL_FAST_MATH = YES;
				ONLY_ACTIVE_ARCH = YES;
				SDKROOT = iphoneos;
				SWIFT_ACTIVE_COMPILATION_CONDITIONS = DEBUG;
				SWIFT_OPTIMIZATION_LEVEL = "-Onone";
			};
			name = Debug;
		};
		43538A21294C738700F4715B /* Release */ = {
			isa = XCBuildConfiguration;
			buildSettings = {
				ALWAYS_SEARCH_USER_PATHS = NO;
				CLANG_ANALYZER_NONNULL = YES;
				CLANG_ANALYZER_NUMBER_OBJECT_CONVERSION = YES_AGGRESSIVE;
				CLANG_CXX_LANGUAGE_STANDARD = "gnu++20";
				CLANG_ENABLE_MODULES = YES;
				CLANG_ENABLE_OBJC_ARC = YES;
				CLANG_ENABLE_OBJC_WEAK = YES;
				CLANG_WARN_BLOCK_CAPTURE_AUTORELEASING = YES;
				CLANG_WARN_BOOL_CONVERSION = YES;
				CLANG_WARN_COMMA = YES;
				CLANG_WARN_CONSTANT_CONVERSION = YES;
				CLANG_WARN_DEPRECATED_OBJC_IMPLEMENTATIONS = YES;
				CLANG_WARN_DIRECT_OBJC_ISA_USAGE = YES_ERROR;
				CLANG_WARN_DOCUMENTATION_COMMENTS = YES;
				CLANG_WARN_EMPTY_BODY = YES;
				CLANG_WARN_ENUM_CONVERSION = YES;
				CLANG_WARN_INFINITE_RECURSION = YES;
				CLANG_WARN_INT_CONVERSION = YES;
				CLANG_WARN_NON_LITERAL_NULL_CONVERSION = YES;
				CLANG_WARN_OBJC_IMPLICIT_RETAIN_SELF = YES;
				CLANG_WARN_OBJC_LITERAL_CONVERSION = YES;
				CLANG_WARN_OBJC_ROOT_CLASS = YES_ERROR;
				CLANG_WARN_QUOTED_INCLUDE_IN_FRAMEWORK_HEADER = YES;
				CLANG_WARN_RANGE_LOOP_ANALYSIS = YES;
				CLANG_WARN_STRICT_PROTOTYPES = YES;
				CLANG_WARN_SUSPICIOUS_MOVE = YES;
				CLANG_WARN_UNGUARDED_AVAILABILITY = YES_AGGRESSIVE;
				CLANG_WARN_UNREACHABLE_CODE = YES;
				CLANG_WARN__DUPLICATE_METHOD_MATCH = YES;
				COPY_PHASE_STRIP = NO;
				DEBUG_INFORMATION_FORMAT = "dwarf-with-dsym";
				ENABLE_NS_ASSERTIONS = NO;
				ENABLE_STRICT_OBJC_MSGSEND = YES;
				GCC_C_LANGUAGE_STANDARD = gnu11;
				GCC_NO_COMMON_BLOCKS = YES;
				GCC_WARN_64_TO_32_BIT_CONVERSION = YES;
				GCC_WARN_ABOUT_RETURN_TYPE = YES_ERROR;
				GCC_WARN_UNDECLARED_SELECTOR = YES;
				GCC_WARN_UNINITIALIZED_AUTOS = YES_AGGRESSIVE;
				GCC_WARN_UNUSED_FUNCTION = YES;
				GCC_WARN_UNUSED_VARIABLE = YES;
				IPHONEOS_DEPLOYMENT_TARGET = 16.2;
				MTL_ENABLE_DEBUG_INFO = NO;
				MTL_FAST_MATH = YES;
				SDKROOT = iphoneos;
				SWIFT_COMPILATION_MODE = wholemodule;
				SWIFT_OPTIMIZATION_LEVEL = "-O";
				VALIDATE_PRODUCT = YES;
			};
			name = Release;
		};
		43538A23294C738700F4715B /* Debug */ = {
			isa = XCBuildConfiguration;
			buildSettings = {
				ASSETCATALOG_COMPILER_APPICON_NAME = AppIcon;
				ASSETCATALOG_COMPILER_GLOBAL_ACCENT_COLOR_NAME = AccentColor;
				CODE_SIGN_STYLE = Automatic;
				CURRENT_PROJECT_VERSION = 1;
				DEVELOPMENT_ASSET_PATHS = "\"AnimeTracker/Preview Content\"";
				DEVELOPMENT_TEAM = 9GXLB7L68F;
				ENABLE_PREVIEWS = YES;
				GENERATE_INFOPLIST_FILE = YES;
				INFOPLIST_KEY_UIApplicationSceneManifest_Generation = YES;
				INFOPLIST_KEY_UIApplicationSupportsIndirectInputEvents = YES;
				INFOPLIST_KEY_UILaunchScreen_Generation = YES;
				INFOPLIST_KEY_UISupportedInterfaceOrientations_iPad = "UIInterfaceOrientationPortrait UIInterfaceOrientationPortraitUpsideDown UIInterfaceOrientationLandscapeLeft UIInterfaceOrientationLandscapeRight";
				INFOPLIST_KEY_UISupportedInterfaceOrientations_iPhone = "UIInterfaceOrientationPortrait UIInterfaceOrientationLandscapeLeft UIInterfaceOrientationLandscapeRight";
				LD_RUNPATH_SEARCH_PATHS = (
					"$(inherited)",
					"@executable_path/Frameworks",
				);
				MARKETING_VERSION = 1.0;
				PRODUCT_BUNDLE_IDENTIFIER = pae.AnimeTracker;
				PRODUCT_NAME = "$(TARGET_NAME)";
				SWIFT_EMIT_LOC_STRINGS = YES;
				SWIFT_VERSION = 5.0;
				TARGETED_DEVICE_FAMILY = "1,2";
			};
			name = Debug;
		};
		43538A24294C738700F4715B /* Release */ = {
			isa = XCBuildConfiguration;
			buildSettings = {
				ASSETCATALOG_COMPILER_APPICON_NAME = AppIcon;
				ASSETCATALOG_COMPILER_GLOBAL_ACCENT_COLOR_NAME = AccentColor;
				CODE_SIGN_STYLE = Automatic;
				CURRENT_PROJECT_VERSION = 1;
				DEVELOPMENT_ASSET_PATHS = "\"AnimeTracker/Preview Content\"";
				DEVELOPMENT_TEAM = 9GXLB7L68F;
				ENABLE_PREVIEWS = YES;
				GENERATE_INFOPLIST_FILE = YES;
				INFOPLIST_KEY_UIApplicationSceneManifest_Generation = YES;
				INFOPLIST_KEY_UIApplicationSupportsIndirectInputEvents = YES;
				INFOPLIST_KEY_UILaunchScreen_Generation = YES;
				INFOPLIST_KEY_UISupportedInterfaceOrientations_iPad = "UIInterfaceOrientationPortrait UIInterfaceOrientationPortraitUpsideDown UIInterfaceOrientationLandscapeLeft UIInterfaceOrientationLandscapeRight";
				INFOPLIST_KEY_UISupportedInterfaceOrientations_iPhone = "UIInterfaceOrientationPortrait UIInterfaceOrientationLandscapeLeft UIInterfaceOrientationLandscapeRight";
				LD_RUNPATH_SEARCH_PATHS = (
					"$(inherited)",
					"@executable_path/Frameworks",
				);
				MARKETING_VERSION = 1.0;
				PRODUCT_BUNDLE_IDENTIFIER = pae.AnimeTracker;
				PRODUCT_NAME = "$(TARGET_NAME)";
				SWIFT_EMIT_LOC_STRINGS = YES;
				SWIFT_VERSION = 5.0;
				TARGETED_DEVICE_FAMILY = "1,2";
			};
			name = Release;
		};
/* End XCBuildConfiguration section */

/* Begin XCConfigurationList section */
		43538A0F294C738500F4715B /* Build configuration list for PBXProject "AnimeTracker" */ = {
			isa = XCConfigurationList;
			buildConfigurations = (
				43538A20294C738700F4715B /* Debug */,
				43538A21294C738700F4715B /* Release */,
			);
			defaultConfigurationIsVisible = 0;
			defaultConfigurationName = Release;
		};
		43538A22294C738700F4715B /* Build configuration list for PBXNativeTarget "AnimeTracker" */ = {
			isa = XCConfigurationList;
			buildConfigurations = (
				43538A23294C738700F4715B /* Debug */,
				43538A24294C738700F4715B /* Release */,
			);
			defaultConfigurationIsVisible = 0;
			defaultConfigurationName = Release;
		};
/* End XCConfigurationList section */
	};
	rootObject = 43538A0C294C738500F4715B /* Project object */;
}
